// !$*UTF8*$!
{
	archiveVersion = 1;
	classes = {
	};
	objectVersion = 46;
	objects = {

/* Begin PBXBuildFile section */
		BBC6E26219B73519000FE1FE /* Foundation.framework in Frameworks */ = {isa = PBXBuildFile; fileRef = BBC6E26119B73519000FE1FE /* Foundation.framework */; };
		BBC6E26419B73519000FE1FE /* CoreGraphics.framework in Frameworks */ = {isa = PBXBuildFile; fileRef = BBC6E26319B73519000FE1FE /* CoreGraphics.framework */; };
		BBC6E26619B73519000FE1FE /* UIKit.framework in Frameworks */ = {isa = PBXBuildFile; fileRef = BBC6E26519B73519000FE1FE /* UIKit.framework */; };
		BBC6E26C19B73519000FE1FE /* InfoPlist.strings in Resources */ = {isa = PBXBuildFile; fileRef = BBC6E26A19B73519000FE1FE /* InfoPlist.strings */; };
		BBC6E26E19B73519000FE1FE /* main.m in Sources */ = {isa = PBXBuildFile; fileRef = BBC6E26D19B73519000FE1FE /* main.m */; };
		BBC6E27219B73519000FE1FE /* AppDelegate.m in Sources */ = {isa = PBXBuildFile; fileRef = BBC6E27119B73519000FE1FE /* AppDelegate.m */; };
		BBC6E27519B73519000FE1FE /* Main.storyboard in Resources */ = {isa = PBXBuildFile; fileRef = BBC6E27319B73519000FE1FE /* Main.storyboard */; };
		BBC6E27819B73519000FE1FE /* ViewController.m in Sources */ = {isa = PBXBuildFile; fileRef = BBC6E27719B73519000FE1FE /* ViewController.m */; };
		BBC6E27A19B73519000FE1FE /* Images.xcassets in Resources */ = {isa = PBXBuildFile; fileRef = BBC6E27919B73519000FE1FE /* Images.xcassets */; };
		BBC6E28119B73519000FE1FE /* XCTest.framework in Frameworks */ = {isa = PBXBuildFile; fileRef = BBC6E28019B73519000FE1FE /* XCTest.framework */; };
		BBC6E28219B73519000FE1FE /* Foundation.framework in Frameworks */ = {isa = PBXBuildFile; fileRef = BBC6E26119B73519000FE1FE /* Foundation.framework */; };
		BBC6E28319B73519000FE1FE /* UIKit.framework in Frameworks */ = {isa = PBXBuildFile; fileRef = BBC6E26519B73519000FE1FE /* UIKit.framework */; };
		BBC6E28B19B73519000FE1FE /* InfoPlist.strings in Resources */ = {isa = PBXBuildFile; fileRef = BBC6E28919B73519000FE1FE /* InfoPlist.strings */; };
		BBC6E28D19B73519000FE1FE /* TVEditTests.m in Sources */ = {isa = PBXBuildFile; fileRef = BBC6E28C19B73519000FE1FE /* TVEditTests.m */; };
/* End PBXBuildFile section */

/* Begin PBXContainerItemProxy section */
		BBC6E28419B73519000FE1FE /* PBXContainerItemProxy */ = {
			isa = PBXContainerItemProxy;
			containerPortal = BBC6E25619B73519000FE1FE /* Project object */;
			proxyType = 1;
			remoteGlobalIDString = BBC6E25D19B73519000FE1FE;
			remoteInfo = TVEdit;
		};
/* End PBXContainerItemProxy section */

/* Begin PBXFileReference section */
		BBC6E25E19B73519000FE1FE /* TVEdit.app */ = {isa = PBXFileReference; explicitFileType = wrapper.application; includeInIndex = 0; path = TVEdit.app; sourceTree = BUILT_PRODUCTS_DIR; };
		BBC6E26119B73519000FE1FE /* Foundation.framework */ = {isa = PBXFileReference; lastKnownFileType = wrapper.framework; name = Foundation.framework; path = System/Library/Frameworks/Foundation.framework; sourceTree = SDKROOT; };
		BBC6E26319B73519000FE1FE /* CoreGraphics.framework */ = {isa = PBXFileReference; lastKnownFileType = wrapper.framework; name = CoreGraphics.framework; path = System/Library/Frameworks/CoreGraphics.framework; sourceTree = SDKROOT; };
		BBC6E26519B73519000FE1FE /* UIKit.framework */ = {isa = PBXFileReference; lastKnownFileType = wrapper.framework; name = UIKit.framework; path = System/Library/Frameworks/UIKit.framework; sourceTree = SDKROOT; };
		BBC6E26919B73519000FE1FE /* TVEdit-Info.plist */ = {isa = PBXFileReference; lastKnownFileType = text.plist.xml; path = "TVEdit-Info.plist"; sourceTree = "<group>"; };
		BBC6E26B19B73519000FE1FE /* en */ = {isa = PBXFileReference; lastKnownFileType = text.plist.strings; name = en; path = en.lproj/InfoPlist.strings; sourceTree = "<group>"; };
		BBC6E26D19B73519000FE1FE /* main.m */ = {isa = PBXFileReference; lastKnownFileType = sourcecode.c.objc; path = main.m; sourceTree = "<group>"; };
		BBC6E26F19B73519000FE1FE /* TVEdit-Prefix.pch */ = {isa = PBXFileReference; lastKnownFileType = sourcecode.c.h; path = "TVEdit-Prefix.pch"; sourceTree = "<group>"; };
		BBC6E27019B73519000FE1FE /* AppDelegate.h */ = {isa = PBXFileReference; lastKnownFileType = sourcecode.c.h; path = AppDelegate.h; sourceTree = "<group>"; };
		BBC6E27119B73519000FE1FE /* AppDelegate.m */ = {isa = PBXFileReference; lastKnownFileType = sourcecode.c.objc; path = AppDelegate.m; sourceTree = "<group>"; };
		BBC6E27419B73519000FE1FE /* Base */ = {isa = PBXFileReference; lastKnownFileType = file.storyboard; name = Base; path = Base.lproj/Main.storyboard; sourceTree = "<group>"; };
		BBC6E27619B73519000FE1FE /* ViewController.h */ = {isa = PBXFileReference; lastKnownFileType = sourcecode.c.h; path = ViewController.h; sourceTree = "<group>"; };
		BBC6E27719B73519000FE1FE /* ViewController.m */ = {isa = PBXFileReference; lastKnownFileType = sourcecode.c.objc; path = ViewController.m; sourceTree = "<group>"; };
		BBC6E27919B73519000FE1FE /* Images.xcassets */ = {isa = PBXFileReference; lastKnownFileType = folder.assetcatalog; path = Images.xcassets; sourceTree = "<group>"; };
		BBC6E27F19B73519000FE1FE /* TVEditTests.xctest */ = {isa = PBXFileReference; explicitFileType = wrapper.cfbundle; includeInIndex = 0; path = TVEditTests.xctest; sourceTree = BUILT_PRODUCTS_DIR; };
		BBC6E28019B73519000FE1FE /* XCTest.framework */ = {isa = PBXFileReference; lastKnownFileType = wrapper.framework; name = XCTest.framework; path = Library/Frameworks/XCTest.framework; sourceTree = DEVELOPER_DIR; };
		BBC6E28819B73519000FE1FE /* TVEditTests-Info.plist */ = {isa = PBXFileReference; lastKnownFileType = text.plist.xml; path = "TVEditTests-Info.plist"; sourceTree = "<group>"; };
		BBC6E28A19B73519000FE1FE /* en */ = {isa = PBXFileReference; lastKnownFileType = text.plist.strings; name = en; path = en.lproj/InfoPlist.strings; sourceTree = "<group>"; };
		BBC6E28C19B73519000FE1FE /* TVEditTests.m */ = {isa = PBXFileReference; lastKnownFileType = sourcecode.c.objc; path = TVEditTests.m; sourceTree = "<group>"; };
/* End PBXFileReference section */

/* Begin PBXFrameworksBuildPhase section */
		BBC6E25B19B73519000FE1FE /* Frameworks */ = {
			isa = PBXFrameworksBuildPhase;
			buildActionMask = 2147483647;
			files = (
				BBC6E26419B73519000FE1FE /* CoreGraphics.framework in Frameworks */,
				BBC6E26619B73519000FE1FE /* UIKit.framework in Frameworks */,
				BBC6E26219B73519000FE1FE /* Foundation.framework in Frameworks */,
			);
			runOnlyForDeploymentPostprocessing = 0;
		};
		BBC6E27C19B73519000FE1FE /* Frameworks */ = {
			isa = PBXFrameworksBuildPhase;
			buildActionMask = 2147483647;
			files = (
				BBC6E28119B73519000FE1FE /* XCTest.framework in Frameworks */,
				BBC6E28319B73519000FE1FE /* UIKit.framework in Frameworks */,
				BBC6E28219B73519000FE1FE /* Foundation.framework in Frameworks */,
			);
			runOnlyForDeploymentPostprocessing = 0;
		};
/* End PBXFrameworksBuildPhase section */

/* Begin PBXGroup section */
		BBC6E25519B73519000FE1FE = {
			isa = PBXGroup;
			children = (
				BBC6E26719B73519000FE1FE /* TVEdit */,
				BBC6E28619B73519000FE1FE /* TVEditTests */,
				BBC6E26019B73519000FE1FE /* Frameworks */,
				BBC6E25F19B73519000FE1FE /* Products */,
			);
			sourceTree = "<group>";
		};
		BBC6E25F19B73519000FE1FE /* Products */ = {
			isa = PBXGroup;
			children = (
				BBC6E25E19B73519000FE1FE /* TVEdit.app */,
				BBC6E27F19B73519000FE1FE /* TVEditTests.xctest */,
			);
			name = Products;
			sourceTree = "<group>";
		};
		BBC6E26019B73519000FE1FE /* Frameworks */ = {
			isa = PBXGroup;
			children = (
				BBC6E26119B73519000FE1FE /* Foundation.framework */,
				BBC6E26319B73519000FE1FE /* CoreGraphics.framework */,
				BBC6E26519B73519000FE1FE /* UIKit.framework */,
				BBC6E28019B73519000FE1FE /* XCTest.framework */,
			);
			name = Frameworks;
			sourceTree = "<group>";
		};
		BBC6E26719B73519000FE1FE /* TVEdit */ = {
			isa = PBXGroup;
			children = (
				BBC6E27019B73519000FE1FE /* AppDelegate.h */,
				BBC6E27119B73519000FE1FE /* AppDelegate.m */,
				BBC6E27319B73519000FE1FE /* Main.storyboard */,
				BBC6E27619B73519000FE1FE /* ViewController.h */,
				BBC6E27719B73519000FE1FE /* ViewController.m */,
				BBC6E27919B73519000FE1FE /* Images.xcassets */,
				BBC6E26819B73519000FE1FE /* Supporting Files */,
			);
			path = TVEdit;
			sourceTree = "<group>";
		};
		BBC6E26819B73519000FE1FE /* Supporting Files */ = {
			isa = PBXGroup;
			children = (
				BBC6E26919B73519000FE1FE /* TVEdit-Info.plist */,
				BBC6E26A19B73519000FE1FE /* InfoPlist.strings */,
				BBC6E26D19B73519000FE1FE /* main.m */,
				BBC6E26F19B73519000FE1FE /* TVEdit-Prefix.pch */,
			);
			name = "Supporting Files";
			sourceTree = "<group>";
		};
		BBC6E28619B73519000FE1FE /* TVEditTests */ = {
			isa = PBXGroup;
			children = (
				BBC6E28C19B73519000FE1FE /* TVEditTests.m */,
				BBC6E28719B73519000FE1FE /* Supporting Files */,
			);
			path = TVEditTests;
			sourceTree = "<group>";
		};
		BBC6E28719B73519000FE1FE /* Supporting Files */ = {
			isa = PBXGroup;
			children = (
				BBC6E28819B73519000FE1FE /* TVEditTests-Info.plist */,
				BBC6E28919B73519000FE1FE /* InfoPlist.strings */,
			);
			name = "Supporting Files";
			sourceTree = "<group>";
		};
/* End PBXGroup section */

/* Begin PBXNativeTarget section */
		BBC6E25D19B73519000FE1FE /* TVEdit */ = {
			isa = PBXNativeTarget;
			buildConfigurationList = BBC6E29019B73519000FE1FE /* Build configuration list for PBXNativeTarget "TVEdit" */;
			buildPhases = (
				BBC6E25A19B73519000FE1FE /* Sources */,
				BBC6E25B19B73519000FE1FE /* Frameworks */,
				BBC6E25C19B73519000FE1FE /* Resources */,
			);
			buildRules = (
			);
			dependencies = (
			);
			name = TVEdit;
			productName = TVEdit;
			productReference = BBC6E25E19B73519000FE1FE /* TVEdit.app */;
			productType = "com.apple.product-type.application";
		};
		BBC6E27E19B73519000FE1FE /* TVEditTests */ = {
			isa = PBXNativeTarget;
			buildConfigurationList = BBC6E29319B73519000FE1FE /* Build configuration list for PBXNativeTarget "TVEditTests" */;
			buildPhases = (
				BBC6E27B19B73519000FE1FE /* Sources */,
				BBC6E27C19B73519000FE1FE /* Frameworks */,
				BBC6E27D19B73519000FE1FE /* Resources */,
			);
			buildRules = (
			);
			dependencies = (
				BBC6E28519B73519000FE1FE /* PBXTargetDependency */,
			);
			name = TVEditTests;
			productName = TVEditTests;
			productReference = BBC6E27F19B73519000FE1FE /* TVEditTests.xctest */;
			productType = "com.apple.product-type.bundle.unit-test";
		};
/* End PBXNativeTarget section */

/* Begin PBXProject section */
		BBC6E25619B73519000FE1FE /* Project object */ = {
			isa = PBXProject;
			attributes = {
				LastUpgradeCheck = 0510;
				ORGANIZATIONNAME = "特普";
				TargetAttributes = {
					BBC6E27E19B73519000FE1FE = {
						TestTargetID = BBC6E25D19B73519000FE1FE;
					};
				};
			};
			buildConfigurationList = BBC6E25919B73519000FE1FE /* Build configuration list for PBXProject "TVEdit" */;
			compatibilityVersion = "Xcode 3.2";
			developmentRegion = English;
			hasScannedForEncodings = 0;
			knownRegions = (
				en,
				Base,
			);
			mainGroup = BBC6E25519B73519000FE1FE;
			productRefGroup = BBC6E25F19B73519000FE1FE /* Products */;
			projectDirPath = "";
			projectRoot = "";
			targets = (
				BBC6E25D19B73519000FE1FE /* TVEdit */,
				BBC6E27E19B73519000FE1FE /* TVEditTests */,
			);
		};
/* End PBXProject section */

/* Begin PBXResourcesBuildPhase section */
		BBC6E25C19B73519000FE1FE /* Resources */ = {
			isa = PBXResourcesBuildPhase;
			buildActionMask = 2147483647;
			files = (
				BBC6E27A19B73519000FE1FE /* Images.xcassets in Resources */,
				BBC6E26C19B73519000FE1FE /* InfoPlist.strings in Resources */,
				BBC6E27519B73519000FE1FE /* Main.storyboard in Resources */,
			);
			runOnlyForDeploymentPostprocessing = 0;
		};
		BBC6E27D19B73519000FE1FE /* Resources */ = {
			isa = PBXResourcesBuildPhase;
			buildActionMask = 2147483647;
			files = (
				BBC6E28B19B73519000FE1FE /* InfoPlist.strings in Resources */,
			);
			runOnlyForDeploymentPostprocessing = 0;
		};
/* End PBXResourcesBuildPhase section */

/* Begin PBXSourcesBuildPhase section */
		BBC6E25A19B73519000FE1FE /* Sources */ = {
			isa = PBXSourcesBuildPhase;
			buildActionMask = 2147483647;
			files = (
				BBC6E27819B73519000FE1FE /* ViewController.m in Sources */,
				BBC6E27219B73519000FE1FE /* AppDelegate.m in Sources */,
				BBC6E26E19B73519000FE1FE /* main.m in Sources */,
			);
			runOnlyForDeploymentPostprocessing = 0;
		};
		BBC6E27B19B73519000FE1FE /* Sources */ = {
			isa = PBXSourcesBuildPhase;
			buildActionMask = 2147483647;
			files = (
				BBC6E28D19B73519000FE1FE /* TVEditTests.m in Sources */,
			);
			runOnlyForDeploymentPostprocessing = 0;
		};
/* End PBXSourcesBuildPhase section */

/* Begin PBXTargetDependency section */
		BBC6E28519B73519000FE1FE /* PBXTargetDependency */ = {
			isa = PBXTargetDependency;
			target = BBC6E25D19B73519000FE1FE /* TVEdit */;
			targetProxy = BBC6E28419B73519000FE1FE /* PBXContainerItemProxy */;
		};
/* End PBXTargetDependency section */

/* Begin PBXVariantGroup section */
		BBC6E26A19B73519000FE1FE /* InfoPlist.strings */ = {
			isa = PBXVariantGroup;
			children = (
				BBC6E26B19B73519000FE1FE /* en */,
			);
			name = InfoPlist.strings;
			sourceTree = "<group>";
		};
		BBC6E27319B73519000FE1FE /* Main.storyboard */ = {
			isa = PBXVariantGroup;
			children = (
				BBC6E27419B73519000FE1FE /* Base */,
			);
			name = Main.storyboard;
			sourceTree = "<group>";
		};
		BBC6E28919B73519000FE1FE /* InfoPlist.strings */ = {
			isa = PBXVariantGroup;
			children = (
				BBC6E28A19B73519000FE1FE /* en */,
			);
			name = InfoPlist.strings;
			sourceTree = "<group>";
		};
/* End PBXVariantGroup section */

/* Begin XCBuildConfiguration section */
		BBC6E28E19B73519000FE1FE /* Debug */ = {
			isa = XCBuildConfiguration;
			buildSettings = {
				ALWAYS_SEARCH_USER_PATHS = NO;
				CLANG_CXX_LANGUAGE_STANDARD = "gnu++0x";
				CLANG_CXX_LIBRARY = "libc++";
				CLANG_ENABLE_MODULES = YES;
				CLANG_ENABLE_OBJC_ARC = YES;
				CLANG_WARN_BOOL_CONVERSION = YES;
				CLANG_WARN_CONSTANT_CONVERSION = YES;
				CLANG_WARN_DIRECT_OBJC_ISA_USAGE = YES_ERROR;
				CLANG_WARN_EMPTY_BODY = YES;
				CLANG_WARN_ENUM_CONVERSION = YES;
				CLANG_WARN_INT_CONVERSION = YES;
				CLANG_WARN_OBJC_ROOT_CLASS = YES_ERROR;
				CLANG_WARN__DUPLICATE_METHOD_MATCH = YES;
				"CODE_SIGN_IDENTITY[sdk=iphoneos*]" = "iPhone Developer";
				COPY_PHASE_STRIP = NO;
				GCC_C_LANGUAGE_STANDARD = gnu99;
				GCC_DYNAMIC_NO_PIC = NO;
				GCC_OPTIMIZATION_LEVEL = 0;
				GCC_PREPROCESSOR_DEFINITIONS = (
					"DEBUG=1",
					"$(inherited)",
				);
				GCC_SYMBOLS_PRIVATE_EXTERN = NO;
				GCC_WARN_64_TO_32_BIT_CONVERSION = YES;
				GCC_WARN_ABOUT_RETURN_TYPE = YES_ERROR;
				GCC_WARN_UNDECLARED_SELECTOR = YES;
				GCC_WARN_UNINITIALIZED_AUTOS = YES_AGGRESSIVE;
				GCC_WARN_UNUSED_FUNCTION = YES;
				GCC_WARN_UNUSED_VARIABLE = YES;
				IPHONEOS_DEPLOYMENT_TARGET = 7.1;
				ONLY_ACTIVE_ARCH = YES;
				SDKROOT = iphoneos;
			};
			name = Debug;
		};
		BBC6E28F19B73519000FE1FE /* Release */ = {
			isa = XCBuildConfiguration;
			buildSettings = {
				ALWAYS_SEARCH_USER_PATHS = NO;
				CLANG_CXX_LANGUAGE_STANDARD = "gnu++0x";
				CLANG_CXX_LIBRARY = "libc++";
				CLANG_ENABLE_MODULES = YES;
				CLANG_ENABLE_OBJC_ARC = YES;
				CLANG_WARN_BOOL_CONVERSION = YES;
				CLANG_WARN_CONSTANT_CONVERSION = YES;
				CLANG_WARN_DIRECT_OBJC_ISA_USAGE = YES_ERROR;
				CLANG_WARN_EMPTY_BODY = YES;
				CLANG_WARN_ENUM_CONVERSION = YES;
				CLANG_WARN_INT_CONVERSION = YES;
				CLANG_WARN_OBJC_ROOT_CLASS = YES_ERROR;
				CLANG_WARN__DUPLICATE_METHOD_MATCH = YES;
				"CODE_SIGN_IDENTITY[sdk=iphoneos*]" = "iPhone Developer";
				COPY_PHASE_STRIP = YES;
				ENABLE_NS_ASSERTIONS = NO;
				GCC_C_LANGUAGE_STANDARD = gnu99;
				GCC_WARN_64_TO_32_BIT_CONVERSION = YES;
				GCC_WARN_ABOUT_RETURN_TYPE = YES_ERROR;
				GCC_WARN_UNDECLARED_SELECTOR = YES;
				GCC_WARN_UNINITIALIZED_AUTOS = YES_AGGRESSIVE;
				GCC_WARN_UNUSED_FUNCTION = YES;
				GCC_WARN_UNUSED_VARIABLE = YES;
				IPHONEOS_DEPLOYMENT_TARGET = 7.1;
				SDKROOT = iphoneos;
				VALIDATE_PRODUCT = YES;
			};
			name = Release;
		};
		BBC6E29119B73519000FE1FE /* Debug */ = {
			isa = XCBuildConfiguration;
			buildSettings = {
				ASSETCATALOG_COMPILER_APPICON_NAME = AppIcon;
				ASSETCATALOG_COMPILER_LAUNCHIMAGE_NAME = LaunchImage;
				GCC_PRECOMPILE_PREFIX_HEADER = YES;
				GCC_PREFIX_HEADER = "TVEdit/TVEdit-Prefix.pch";
				INFOPLIST_FILE = "TVEdit/TVEdit-Info.plist";
				PRODUCT_NAME = "$(TARGET_NAME)";
				WRAPPER_EXTENSION = app;
			};
			name = Debug;
		};
		BBC6E29219B73519000FE1FE /* Release */ = {
			isa = XCBuildConfiguration;
			buildSettings = {
				ASSETCATALOG_COMPILER_APPICON_NAME = AppIcon;
				ASSETCATALOG_COMPILER_LAUNCHIMAGE_NAME = LaunchImage;
				GCC_PRECOMPILE_PREFIX_HEADER = YES;
				GCC_PREFIX_HEADER = "TVEdit/TVEdit-Prefix.pch";
				INFOPLIST_FILE = "TVEdit/TVEdit-Info.plist";
				PRODUCT_NAME = "$(TARGET_NAME)";
				WRAPPER_EXTENSION = app;
			};
			name = Release;
		};
		BBC6E29419B73519000FE1FE /* Debug */ = {
			isa = XCBuildConfiguration;
			buildSettings = {
				BUNDLE_LOADER = "$(BUILT_PRODUCTS_DIR)/TVEdit.app/TVEdit";
				FRAMEWORK_SEARCH_PATHS = (
					"$(SDKROOT)/Developer/Library/Frameworks",
					"$(inherited)",
					"$(DEVELOPER_FRAMEWORKS_DIR)",
				);
				GCC_PRECOMPILE_PREFIX_HEADER = YES;
				GCC_PREFIX_HEADER = "TVEdit/TVEdit-Prefix.pch";
				GCC_PREPROCESSOR_DEFINITIONS = (
					"DEBUG=1",
					"$(inherited)",
				);
				INFOPLIST_FILE = "TVEditTests/TVEditTests-Info.plist";
				PRODUCT_NAME = "$(TARGET_NAME)";
				TEST_HOST = "$(BUNDLE_LOADER)";
				WRAPPER_EXTENSION = xctest;
			};
			name = Debug;
		};
		BBC6E29519B73519000FE1FE /* Release */ = {
			isa = XCBuildConfiguration;
			buildSettings = {
				BUNDLE_LOADER = "$(BUILT_PRODUCTS_DIR)/TVEdit.app/TVEdit";
				FRAMEWORK_SEARCH_PATHS = (
					"$(SDKROOT)/Developer/Library/Frameworks",
					"$(inherited)",
					"$(DEVELOPER_FRAMEWORKS_DIR)",
				);
				GCC_PRECOMPILE_PREFIX_HEADER = YES;
				GCC_PREFIX_HEADER = "TVEdit/TVEdit-Prefix.pch";
				INFOPLIST_FILE = "TVEditTests/TVEditTests-Info.plist";
				PRODUCT_NAME = "$(TARGET_NAME)";
				TEST_HOST = "$(BUNDLE_LOADER)";
				WRAPPER_EXTENSION = xctest;
			};
			name = Release;
		};
/* End XCBuildConfiguration section */

/* Begin XCConfigurationList section */
		BBC6E25919B73519000FE1FE /* Build configuration list for PBXProject "TVEdit" */ = {
			isa = XCConfigurationList;
			buildConfigurations = (
				BBC6E28E19B73519000FE1FE /* Debug */,
				BBC6E28F19B73519000FE1FE /* Release */,
			);
			defaultConfigurationIsVisible = 0;
			defaultConfigurationName = Release;
		};
		BBC6E29019B73519000FE1FE /* Build configuration list for PBXNativeTarget "TVEdit" */ = {
			isa = XCConfigurationList;
			buildConfigurations = (
				BBC6E29119B73519000FE1FE /* Debug */,
				BBC6E29219B73519000FE1FE /* Release */,
			);
			defaultConfigurationIsVisible = 0;
		};
		BBC6E29319B73519000FE1FE /* Build configuration list for PBXNativeTarget "TVEditTests" */ = {
			isa = XCConfigurationList;
			buildConfigurations = (
				BBC6E29419B73519000FE1FE /* Debug */,
				BBC6E29519B73519000FE1FE /* Release */,
			);
			defaultConfigurationIsVisible = 0;
		};
/* End XCConfigurationList section */
	};
	rootObject = BBC6E25619B73519000FE1FE /* Project object */;
}
